// !$*UTF8*$!
{
	archiveVersion = 1;
	classes = {
	};
	objectVersion = 56;
	objects = {

/* Begin PBXBuildFile section */
		EC4724E72ACAC74D009ECA50 /* WeatherViewController.swift in Sources */ = {isa = PBXBuildFile; fileRef = EC4724E62ACAC74D009ECA50 /* WeatherViewController.swift */; };
		EC4724EC2ACAC74E009ECA50 /* Assets.xcassets in Resources */ = {isa = PBXBuildFile; fileRef = EC4724EB2ACAC74E009ECA50 /* Assets.xcassets */; };
		EC4724FA2ACAC74E009ECA50 /* WeatherChallengeTests.swift in Sources */ = {isa = PBXBuildFile; fileRef = EC4724F92ACAC74E009ECA50 /* WeatherChallengeTests.swift */; };
		EC4725042ACAC74E009ECA50 /* WeatherChallengeUITests.swift in Sources */ = {isa = PBXBuildFile; fileRef = EC4725032ACAC74E009ECA50 /* WeatherChallengeUITests.swift */; };
		EC4725062ACAC74E009ECA50 /* WeatherChallengeUITestsLaunchTests.swift in Sources */ = {isa = PBXBuildFile; fileRef = EC4725052ACAC74E009ECA50 /* WeatherChallengeUITestsLaunchTests.swift */; };
		EC4725132ACAC7B9009ECA50 /* WeatherManager.swift in Sources */ = {isa = PBXBuildFile; fileRef = EC4725122ACAC7B9009ECA50 /* WeatherManager.swift */; };
		EC4725152ACAC7F4009ECA50 /* WeatherData.swift in Sources */ = {isa = PBXBuildFile; fileRef = EC4725142ACAC7F4009ECA50 /* WeatherData.swift */; };
		EC4725172ACAC81F009ECA50 /* WeatherModel.swift in Sources */ = {isa = PBXBuildFile; fileRef = EC4725162ACAC81F009ECA50 /* WeatherModel.swift */; };
		EC47251B2ACAC9E3009ECA50 /* Main.storyboard in Resources */ = {isa = PBXBuildFile; fileRef = EC47251A2ACAC9E3009ECA50 /* Main.storyboard */; };
		EC47251D2ACACB6A009ECA50 /* LaunchScreen.storyboard in Resources */ = {isa = PBXBuildFile; fileRef = EC47251C2ACACB6A009ECA50 /* LaunchScreen.storyboard */; };
		EC47251F2ACACB97009ECA50 /* AppDelegate.swift in Sources */ = {isa = PBXBuildFile; fileRef = EC47251E2ACACB97009ECA50 /* AppDelegate.swift */; };
		EC4725232ACACFEE009ECA50 /* SceneDelegate.swift in Sources */ = {isa = PBXBuildFile; fileRef = EC4725222ACACFEE009ECA50 /* SceneDelegate.swift */; };
/* End PBXBuildFile section */

/* Begin PBXContainerItemProxy section */
		EC4724F62ACAC74E009ECA50 /* PBXContainerItemProxy */ = {
			isa = PBXContainerItemProxy;
			containerPortal = EC4724D72ACAC74C009ECA50 /* Project object */;
			proxyType = 1;
			remoteGlobalIDString = EC4724DE2ACAC74D009ECA50;
			remoteInfo = WeatherChallenge;
		};
		EC4725002ACAC74E009ECA50 /* PBXContainerItemProxy */ = {
			isa = PBXContainerItemProxy;
			containerPortal = EC4724D72ACAC74C009ECA50 /* Project object */;
			proxyType = 1;
			remoteGlobalIDString = EC4724DE2ACAC74D009ECA50;
			remoteInfo = WeatherChallenge;
		};
/* End PBXContainerItemProxy section */

/* Begin PBXFileReference section */
		EC4724DF2ACAC74D009ECA50 /* WeatherChallenge.app */ = {isa = PBXFileReference; explicitFileType = wrapper.application; includeInIndex = 0; path = WeatherChallenge.app; sourceTree = BUILT_PRODUCTS_DIR; };
		EC4724E62ACAC74D009ECA50 /* WeatherViewController.swift */ = {isa = PBXFileReference; lastKnownFileType = sourcecode.swift; path = WeatherViewController.swift; sourceTree = "<group>"; };
		EC4724EB2ACAC74E009ECA50 /* Assets.xcassets */ = {isa = PBXFileReference; lastKnownFileType = folder.assetcatalog; path = Assets.xcassets; sourceTree = "<group>"; };
		EC4724F52ACAC74E009ECA50 /* WeatherChallengeTests.xctest */ = {isa = PBXFileReference; explicitFileType = wrapper.cfbundle; includeInIndex = 0; path = WeatherChallengeTests.xctest; sourceTree = BUILT_PRODUCTS_DIR; };
		EC4724F92ACAC74E009ECA50 /* WeatherChallengeTests.swift */ = {isa = PBXFileReference; lastKnownFileType = sourcecode.swift; path = WeatherChallengeTests.swift; sourceTree = "<group>"; };
		EC4724FF2ACAC74E009ECA50 /* WeatherChallengeUITests.xctest */ = {isa = PBXFileReference; explicitFileType = wrapper.cfbundle; includeInIndex = 0; path = WeatherChallengeUITests.xctest; sourceTree = BUILT_PRODUCTS_DIR; };
		EC4725032ACAC74E009ECA50 /* WeatherChallengeUITests.swift */ = {isa = PBXFileReference; lastKnownFileType = sourcecode.swift; path = WeatherChallengeUITests.swift; sourceTree = "<group>"; };
		EC4725052ACAC74E009ECA50 /* WeatherChallengeUITestsLaunchTests.swift */ = {isa = PBXFileReference; lastKnownFileType = sourcecode.swift; path = WeatherChallengeUITestsLaunchTests.swift; sourceTree = "<group>"; };
		EC4725122ACAC7B9009ECA50 /* WeatherManager.swift */ = {isa = PBXFileReference; lastKnownFileType = sourcecode.swift; path = WeatherManager.swift; sourceTree = "<group>"; };
		EC4725142ACAC7F4009ECA50 /* WeatherData.swift */ = {isa = PBXFileReference; lastKnownFileType = sourcecode.swift; path = WeatherData.swift; sourceTree = "<group>"; };
		EC4725162ACAC81F009ECA50 /* WeatherModel.swift */ = {isa = PBXFileReference; lastKnownFileType = sourcecode.swift; path = WeatherModel.swift; sourceTree = "<group>"; };
		EC47251A2ACAC9E3009ECA50 /* Main.storyboard */ = {isa = PBXFileReference; fileEncoding = 4; lastKnownFileType = file.storyboard; path = Main.storyboard; sourceTree = "<group>"; };
		EC47251C2ACACB6A009ECA50 /* LaunchScreen.storyboard */ = {isa = PBXFileReference; fileEncoding = 4; lastKnownFileType = file.storyboard; path = LaunchScreen.storyboard; sourceTree = "<group>"; };
		EC47251E2ACACB97009ECA50 /* AppDelegate.swift */ = {isa = PBXFileReference; fileEncoding = 4; lastKnownFileType = sourcecode.swift; path = AppDelegate.swift; sourceTree = "<group>"; };
		EC4725202ACACCD6009ECA50 /* Info.plist */ = {isa = PBXFileReference; fileEncoding = 4; lastKnownFileType = text.plist.xml; path = Info.plist; sourceTree = "<group>"; };
		EC4725222ACACFEE009ECA50 /* SceneDelegate.swift */ = {isa = PBXFileReference; fileEncoding = 4; lastKnownFileType = sourcecode.swift; path = SceneDelegate.swift; sourceTree = "<group>"; };
/* End PBXFileReference section */

/* Begin PBXFrameworksBuildPhase section */
		EC4724DC2ACAC74D009ECA50 /* Frameworks */ = {
			isa = PBXFrameworksBuildPhase;
			buildActionMask = 2147483647;
			files = (
			);
			runOnlyForDeploymentPostprocessing = 0;
		};
		EC4724F22ACAC74E009ECA50 /* Frameworks */ = {
			isa = PBXFrameworksBuildPhase;
			buildActionMask = 2147483647;
			files = (
			);
			runOnlyForDeploymentPostprocessing = 0;
		};
		EC4724FC2ACAC74E009ECA50 /* Frameworks */ = {
			isa = PBXFrameworksBuildPhase;
			buildActionMask = 2147483647;
			files = (
			);
			runOnlyForDeploymentPostprocessing = 0;
		};
/* End PBXFrameworksBuildPhase section */

/* Begin PBXGroup section */
		EC4724D62ACAC74C009ECA50 = {
			isa = PBXGroup;
			children = (
				EC4724E12ACAC74D009ECA50 /* WeatherChallenge */,
				EC4724F82ACAC74E009ECA50 /* WeatherChallengeTests */,
				EC4725022ACAC74E009ECA50 /* WeatherChallengeUITests */,
				EC4724E02ACAC74D009ECA50 /* Products */,
			);
			sourceTree = "<group>";
		};
		EC4724E02ACAC74D009ECA50 /* Products */ = {
			isa = PBXGroup;
			children = (
				EC4724DF2ACAC74D009ECA50 /* WeatherChallenge.app */,
				EC4724F52ACAC74E009ECA50 /* WeatherChallengeTests.xctest */,
				EC4724FF2ACAC74E009ECA50 /* WeatherChallengeUITests.xctest */,
			);
			name = Products;
			sourceTree = "<group>";
		};
		EC4724E12ACAC74D009ECA50 /* WeatherChallenge */ = {
			isa = PBXGroup;
			children = (
				EC47251E2ACACB97009ECA50 /* AppDelegate.swift */,
				EC4725222ACACFEE009ECA50 /* SceneDelegate.swift */,
				EC4724E62ACAC74D009ECA50 /* WeatherViewController.swift */,
				EC4724EB2ACAC74E009ECA50 /* Assets.xcassets */,
				EC47251A2ACAC9E3009ECA50 /* Main.storyboard */,
				EC47251C2ACACB6A009ECA50 /* LaunchScreen.storyboard */,
				EC4725122ACAC7B9009ECA50 /* WeatherManager.swift */,
				EC4725142ACAC7F4009ECA50 /* WeatherData.swift */,
				EC4725162ACAC81F009ECA50 /* WeatherModel.swift */,
				EC4725202ACACCD6009ECA50 /* Info.plist */,
			);
			path = WeatherChallenge;
			sourceTree = "<group>";
		};
		EC4724F82ACAC74E009ECA50 /* WeatherChallengeTests */ = {
			isa = PBXGroup;
			children = (
				EC4724F92ACAC74E009ECA50 /* WeatherChallengeTests.swift */,
			);
			path = WeatherChallengeTests;
			sourceTree = "<group>";
		};
		EC4725022ACAC74E009ECA50 /* WeatherChallengeUITests */ = {
			isa = PBXGroup;
			children = (
				EC4725032ACAC74E009ECA50 /* WeatherChallengeUITests.swift */,
				EC4725052ACAC74E009ECA50 /* WeatherChallengeUITestsLaunchTests.swift */,
			);
			path = WeatherChallengeUITests;
			sourceTree = "<group>";
		};
/* End PBXGroup section */

/* Begin PBXNativeTarget section */
		EC4724DE2ACAC74D009ECA50 /* WeatherChallenge */ = {
			isa = PBXNativeTarget;
			buildConfigurationList = EC4725092ACAC74E009ECA50 /* Build configuration list for PBXNativeTarget "WeatherChallenge" */;
			buildPhases = (
				EC4724DB2ACAC74D009ECA50 /* Sources */,
				EC4724DC2ACAC74D009ECA50 /* Frameworks */,
				EC4724DD2ACAC74D009ECA50 /* Resources */,
			);
			buildRules = (
			);
			dependencies = (
			);
			name = WeatherChallenge;
			productName = WeatherChallenge;
			productReference = EC4724DF2ACAC74D009ECA50 /* WeatherChallenge.app */;
			productType = "com.apple.product-type.application";
		};
		EC4724F42ACAC74E009ECA50 /* WeatherChallengeTests */ = {
			isa = PBXNativeTarget;
			buildConfigurationList = EC47250C2ACAC74E009ECA50 /* Build configuration list for PBXNativeTarget "WeatherChallengeTests" */;
			buildPhases = (
				EC4724F12ACAC74E009ECA50 /* Sources */,
				EC4724F22ACAC74E009ECA50 /* Frameworks */,
				EC4724F32ACAC74E009ECA50 /* Resources */,
			);
			buildRules = (
			);
			dependencies = (
				EC4724F72ACAC74E009ECA50 /* PBXTargetDependency */,
			);
			name = WeatherChallengeTests;
			productName = WeatherChallengeTests;
			productReference = EC4724F52ACAC74E009ECA50 /* WeatherChallengeTests.xctest */;
			productType = "com.apple.product-type.bundle.unit-test";
		};
		EC4724FE2ACAC74E009ECA50 /* WeatherChallengeUITests */ = {
			isa = PBXNativeTarget;
			buildConfigurationList = EC47250F2ACAC74E009ECA50 /* Build configuration list for PBXNativeTarget "WeatherChallengeUITests" */;
			buildPhases = (
				EC4724FB2ACAC74E009ECA50 /* Sources */,
				EC4724FC2ACAC74E009ECA50 /* Frameworks */,
				EC4724FD2ACAC74E009ECA50 /* Resources */,
			);
			buildRules = (
			);
			dependencies = (
				EC4725012ACAC74E009ECA50 /* PBXTargetDependency */,
			);
			name = WeatherChallengeUITests;
			productName = WeatherChallengeUITests;
			productReference = EC4724FF2ACAC74E009ECA50 /* WeatherChallengeUITests.xctest */;
			productType = "com.apple.product-type.bundle.ui-testing";
		};
/* End PBXNativeTarget section */

/* Begin PBXProject section */
		EC4724D72ACAC74C009ECA50 /* Project object */ = {
			isa = PBXProject;
			attributes = {
				BuildIndependentTargetsInParallel = 1;
				LastSwiftUpdateCheck = 1430;
				LastUpgradeCheck = 1430;
				TargetAttributes = {
					EC4724DE2ACAC74D009ECA50 = {
						CreatedOnToolsVersion = 14.3.1;
					};
					EC4724F42ACAC74E009ECA50 = {
						CreatedOnToolsVersion = 14.3.1;
						TestTargetID = EC4724DE2ACAC74D009ECA50;
					};
					EC4724FE2ACAC74E009ECA50 = {
						CreatedOnToolsVersion = 14.3.1;
						TestTargetID = EC4724DE2ACAC74D009ECA50;
					};
				};
			};
			buildConfigurationList = EC4724DA2ACAC74C009ECA50 /* Build configuration list for PBXProject "WeatherChallenge" */;
			compatibilityVersion = "Xcode 14.0";
			developmentRegion = en;
			hasScannedForEncodings = 0;
			knownRegions = (
				en,
				Base,
			);
			mainGroup = EC4724D62ACAC74C009ECA50;
			productRefGroup = EC4724E02ACAC74D009ECA50 /* Products */;
			projectDirPath = "";
			projectRoot = "";
			targets = (
				EC4724DE2ACAC74D009ECA50 /* WeatherChallenge */,
				EC4724F42ACAC74E009ECA50 /* WeatherChallengeTests */,
				EC4724FE2ACAC74E009ECA50 /* WeatherChallengeUITests */,
			);
		};
/* End PBXProject section */

/* Begin PBXResourcesBuildPhase section */
		EC4724DD2ACAC74D009ECA50 /* Resources */ = {
			isa = PBXResourcesBuildPhase;
			buildActionMask = 2147483647;
			files = (
				EC47251D2ACACB6A009ECA50 /* LaunchScreen.storyboard in Resources */,
				EC4724EC2ACAC74E009ECA50 /* Assets.xcassets in Resources */,
				EC47251B2ACAC9E3009ECA50 /* Main.storyboard in Resources */,
			);
			runOnlyForDeploymentPostprocessing = 0;
		};
		EC4724F32ACAC74E009ECA50 /* Resources */ = {
			isa = PBXResourcesBuildPhase;
			buildActionMask = 2147483647;
			files = (
			);
			runOnlyForDeploymentPostprocessing = 0;
		};
		EC4724FD2ACAC74E009ECA50 /* Resources */ = {
			isa = PBXResourcesBuildPhase;
			buildActionMask = 2147483647;
			files = (
			);
			runOnlyForDeploymentPostprocessing = 0;
		};
/* End PBXResourcesBuildPhase section */

/* Begin PBXSourcesBuildPhase section */
		EC4724DB2ACAC74D009ECA50 /* Sources */ = {
			isa = PBXSourcesBuildPhase;
			buildActionMask = 2147483647;
			files = (
				EC47251F2ACACB97009ECA50 /* AppDelegate.swift in Sources */,
				EC4724E72ACAC74D009ECA50 /* WeatherViewController.swift in Sources */,
				EC4725152ACAC7F4009ECA50 /* WeatherData.swift in Sources */,
				EC4725132ACAC7B9009ECA50 /* WeatherManager.swift in Sources */,
				EC4725172ACAC81F009ECA50 /* WeatherModel.swift in Sources */,
				EC4725232ACACFEE009ECA50 /* SceneDelegate.swift in Sources */,
			);
			runOnlyForDeploymentPostprocessing = 0;
		};
		EC4724F12ACAC74E009ECA50 /* Sources */ = {
			isa = PBXSourcesBuildPhase;
			buildActionMask = 2147483647;
			files = (
				EC4724FA2ACAC74E009ECA50 /* WeatherChallengeTests.swift in Sources */,
			);
			runOnlyForDeploymentPostprocessing = 0;
		};
		EC4724FB2ACAC74E009ECA50 /* Sources */ = {
			isa = PBXSourcesBuildPhase;
			buildActionMask = 2147483647;
			files = (
				EC4725042ACAC74E009ECA50 /* WeatherChallengeUITests.swift in Sources */,
				EC4725062ACAC74E009ECA50 /* WeatherChallengeUITestsLaunchTests.swift in Sources */,
			);
			runOnlyForDeploymentPostprocessing = 0;
		};
/* End PBXSourcesBuildPhase section */

/* Begin PBXTargetDependency section */
		EC4724F72ACAC74E009ECA50 /* PBXTargetDependency */ = {
			isa = PBXTargetDependency;
			target = EC4724DE2ACAC74D009ECA50 /* WeatherChallenge */;
			targetProxy = EC4724F62ACAC74E009ECA50 /* PBXContainerItemProxy */;
		};
		EC4725012ACAC74E009ECA50 /* PBXTargetDependency */ = {
			isa = PBXTargetDependency;
			target = EC4724DE2ACAC74D009ECA50 /* WeatherChallenge */;
			targetProxy = EC4725002ACAC74E009ECA50 /* PBXContainerItemProxy */;
		};
/* End PBXTargetDependency section */

/* Begin XCBuildConfiguration section */
		EC4725072ACAC74E009ECA50 /* Debug */ = {
			isa = XCBuildConfiguration;
			buildSettings = {
				ALWAYS_SEARCH_USER_PATHS = NO;
				CLANG_ANALYZER_NONNULL = YES;
				CLANG_ANALYZER_NUMBER_OBJECT_CONVERSION = YES_AGGRESSIVE;
				CLANG_CXX_LANGUAGE_STANDARD = "gnu++20";
				CLANG_ENABLE_MODULES = YES;
				CLANG_ENABLE_OBJC_ARC = YES;
				CLANG_ENABLE_OBJC_WEAK = YES;
				CLANG_WARN_BLOCK_CAPTURE_AUTORELEASING = YES;
				CLANG_WARN_BOOL_CONVERSION = YES;
				CLANG_WARN_COMMA = YES;
				CLANG_WARN_CONSTANT_CONVERSION = YES;
				CLANG_WARN_DEPRECATED_OBJC_IMPLEMENTATIONS = YES;
				CLANG_WARN_DIRECT_OBJC_ISA_USAGE = YES_ERROR;
				CLANG_WARN_DOCUMENTATION_COMMENTS = YES;
				CLANG_WARN_EMPTY_BODY = YES;
				CLANG_WARN_ENUM_CONVERSION = YES;
				CLANG_WARN_INFINITE_RECURSION = YES;
				CLANG_WARN_INT_CONVERSION = YES;
				CLANG_WARN_NON_LITERAL_NULL_CONVERSION = YES;
				CLANG_WARN_OBJC_IMPLICIT_RETAIN_SELF = YES;
				CLANG_WARN_OBJC_LITERAL_CONVERSION = YES;
				CLANG_WARN_OBJC_ROOT_CLASS = YES_ERROR;
				CLANG_WARN_QUOTED_INCLUDE_IN_FRAMEWORK_HEADER = YES;
				CLANG_WARN_RANGE_LOOP_ANALYSIS = YES;
				CLANG_WARN_STRICT_PROTOTYPES = YES;
				CLANG_WARN_SUSPICIOUS_MOVE = YES;
				CLANG_WARN_UNGUARDED_AVAILABILITY = YES_AGGRESSIVE;
				CLANG_WARN_UNREACHABLE_CODE = YES;
				CLANG_WARN__DUPLICATE_METHOD_MATCH = YES;
				COPY_PHASE_STRIP = NO;
				DEBUG_INFORMATION_FORMAT = dwarf;
				ENABLE_STRICT_OBJC_MSGSEND = YES;
				ENABLE_TESTABILITY = YES;
				GCC_C_LANGUAGE_STANDARD = gnu11;
				GCC_DYNAMIC_NO_PIC = NO;
				GCC_NO_COMMON_BLOCKS = YES;
				GCC_OPTIMIZATION_LEVEL = 0;
				GCC_PREPROCESSOR_DEFINITIONS = (
					"DEBUG=1",
					"$(inherited)",
				);
				GCC_WARN_64_TO_32_BIT_CONVERSION = YES;
				GCC_WARN_ABOUT_RETURN_TYPE = YES_ERROR;
				GCC_WARN_UNDECLARED_SELECTOR = YES;
				GCC_WARN_UNINITIALIZED_AUTOS = YES_AGGRESSIVE;
				GCC_WARN_UNUSED_FUNCTION = YES;
				GCC_WARN_UNUSED_VARIABLE = YES;
				IPHONEOS_DEPLOYMENT_TARGET = 16.4;
				MTL_ENABLE_DEBUG_INFO = INCLUDE_SOURCE;
				MTL_FAST_MATH = YES;
				ONLY_ACTIVE_ARCH = YES;
				SDKROOT = iphoneos;
				SWIFT_ACTIVE_COMPILATION_CONDITIONS = DEBUG;
				SWIFT_OPTIMIZATION_LEVEL = "-Onone";
			};
			name = Debug;
		};
		EC4725082ACAC74E009ECA50 /* Release */ = {
			isa = XCBuildConfiguration;
			buildSettings = {
				ALWAYS_SEARCH_USER_PATHS = NO;
				CLANG_ANALYZER_NONNULL = YES;
				CLANG_ANALYZER_NUMBER_OBJECT_CONVERSION = YES_AGGRESSIVE;
				CLANG_CXX_LANGUAGE_STANDARD = "gnu++20";
				CLANG_ENABLE_MODULES = YES;
				CLANG_ENABLE_OBJC_ARC = YES;
				CLANG_ENABLE_OBJC_WEAK = YES;
				CLANG_WARN_BLOCK_CAPTURE_AUTORELEASING = YES;
				CLANG_WARN_BOOL_CONVERSION = YES;
				CLANG_WARN_COMMA = YES;
				CLANG_WARN_CONSTANT_CONVERSION = YES;
				CLANG_WARN_DEPRECATED_OBJC_IMPLEMENTATIONS = YES;
				CLANG_WARN_DIRECT_OBJC_ISA_USAGE = YES_ERROR;
				CLANG_WARN_DOCUMENTATION_COMMENTS = YES;
				CLANG_WARN_EMPTY_BODY = YES;
				CLANG_WARN_ENUM_CONVERSION = YES;
				CLANG_WARN_INFINITE_RECURSION = YES;
				CLANG_WARN_INT_CONVERSION = YES;
				CLANG_WARN_NON_LITERAL_NULL_CONVERSION = YES;
				CLANG_WARN_OBJC_IMPLICIT_RETAIN_SELF = YES;
				CLANG_WARN_OBJC_LITERAL_CONVERSION = YES;
				CLANG_WARN_OBJC_ROOT_CLASS = YES_ERROR;
				CLANG_WARN_QUOTED_INCLUDE_IN_FRAMEWORK_HEADER = YES;
				CLANG_WARN_RANGE_LOOP_ANALYSIS = YES;
				CLANG_WARN_STRICT_PROTOTYPES = YES;
				CLANG_WARN_SUSPICIOUS_MOVE = YES;
				CLANG_WARN_UNGUARDED_AVAILABILITY = YES_AGGRESSIVE;
				CLANG_WARN_UNREACHABLE_CODE = YES;
				CLANG_WARN__DUPLICATE_METHOD_MATCH = YES;
				COPY_PHASE_STRIP = NO;
				DEBUG_INFORMATION_FORMAT = "dwarf-with-dsym";
				ENABLE_NS_ASSERTIONS = NO;
				ENABLE_STRICT_OBJC_MSGSEND = YES;
				GCC_C_LANGUAGE_STANDARD = gnu11;
				GCC_NO_COMMON_BLOCKS = YES;
				GCC_WARN_64_TO_32_BIT_CONVERSION = YES;
				GCC_WARN_ABOUT_RETURN_TYPE = YES_ERROR;
				GCC_WARN_UNDECLARED_SELECTOR = YES;
				GCC_WARN_UNINITIALIZED_AUTOS = YES_AGGRESSIVE;
				GCC_WARN_UNUSED_FUNCTION = YES;
				GCC_WARN_UNUSED_VARIABLE = YES;
				IPHONEOS_DEPLOYMENT_TARGET = 16.4;
				MTL_ENABLE_DEBUG_INFO = NO;
				MTL_FAST_MATH = YES;
				SDKROOT = iphoneos;
				SWIFT_COMPILATION_MODE = wholemodule;
				SWIFT_OPTIMIZATION_LEVEL = "-O";
				VALIDATE_PRODUCT = YES;
			};
			name = Release;
		};
		EC47250A2ACAC74E009ECA50 /* Debug */ = {
			isa = XCBuildConfiguration;
			buildSettings = {
				ASSETCATALOG_COMPILER_APPICON_NAME = AppIcon;
				ASSETCATALOG_COMPILER_GLOBAL_ACCENT_COLOR_NAME = AccentColor;
				CODE_SIGN_STYLE = Automatic;
				CURRENT_PROJECT_VERSION = 1;
				GENERATE_INFOPLIST_FILE = YES;
				INFOPLIST_FILE = WeatherChallenge/Info.plist;
				INFOPLIST_KEY_UIApplicationSupportsIndirectInputEvents = YES;
				INFOPLIST_KEY_UILaunchStoryboardName = LaunchScreen;
				INFOPLIST_KEY_UIMainStoryboardFile = Main;
				INFOPLIST_KEY_UISupportedInterfaceOrientations_iPad = "UIInterfaceOrientationPortrait UIInterfaceOrientationPortraitUpsideDown UIInterfaceOrientationLandscapeLeft UIInterfaceOrientationLandscapeRight";
				INFOPLIST_KEY_UISupportedInterfaceOrientations_iPhone = "UIInterfaceOrientationPortrait UIInterfaceOrientationLandscapeLeft UIInterfaceOrientationLandscapeRight";
				LD_RUNPATH_SEARCH_PATHS = (
					"$(inherited)",
					"@executable_path/Frameworks",
				);
				MARKETING_VERSION = 1.0;
				PRODUCT_BUNDLE_IDENTIFIER = com.NicholasGilbert.WeatherChallenge;
				PRODUCT_NAME = "$(TARGET_NAME)";
				SWIFT_EMIT_LOC_STRINGS = YES;
				SWIFT_VERSION = 5.0;
				TARGETED_DEVICE_FAMILY = "1,2";
			};
			name = Debug;
		};
		EC47250B2ACAC74E009ECA50 /* Release */ = {
			isa = XCBuildConfiguration;
			buildSettings = {
				ASSETCATALOG_COMPILER_APPICON_NAME = AppIcon;
				ASSETCATALOG_COMPILER_GLOBAL_ACCENT_COLOR_NAME = AccentColor;
				CODE_SIGN_STYLE = Automatic;
				CURRENT_PROJECT_VERSION = 1;
				GENERATE_INFOPLIST_FILE = YES;
				INFOPLIST_FILE = WeatherChallenge/Info.plist;
				INFOPLIST_KEY_UIApplicationSupportsIndirectInputEvents = YES;
				INFOPLIST_KEY_UILaunchStoryboardName = LaunchScreen;
				INFOPLIST_KEY_UIMainStoryboardFile = Main;
				INFOPLIST_KEY_UISupportedInterfaceOrientations_iPad = "UIInterfaceOrientationPortrait UIInterfaceOrientationPortraitUpsideDown UIInterfaceOrientationLandscapeLeft UIInterfaceOrientationLandscapeRight";
				INFOPLIST_KEY_UISupportedInterfaceOrientations_iPhone = "UIInterfaceOrientationPortrait UIInterfaceOrientationLandscapeLeft UIInterfaceOrientationLandscapeRight";
				LD_RUNPATH_SEARCH_PATHS = (
					"$(inherited)",
					"@executable_path/Frameworks",
				);
				MARKETING_VERSION = 1.0;
				PRODUCT_BUNDLE_IDENTIFIER = com.NicholasGilbert.WeatherChallenge;
				PRODUCT_NAME = "$(TARGET_NAME)";
				SWIFT_EMIT_LOC_STRINGS = YES;
				SWIFT_VERSION = 5.0;
				TARGETED_DEVICE_FAMILY = "1,2";
			};
			name = Release;
		};
		EC47250D2ACAC74E009ECA50 /* Debug */ = {
			isa = XCBuildConfiguration;
			buildSettings = {
				ALWAYS_EMBED_SWIFT_STANDARD_LIBRARIES = YES;
				BUNDLE_LOADER = "$(TEST_HOST)";
				CODE_SIGN_STYLE = Automatic;
				CURRENT_PROJECT_VERSION = 1;
				GENERATE_INFOPLIST_FILE = YES;
				IPHONEOS_DEPLOYMENT_TARGET = 16.4;
				MARKETING_VERSION = 1.0;
				PRODUCT_BUNDLE_IDENTIFIER = com.NicholasGilbert.WeatherChallengeTests;
				PRODUCT_NAME = "$(TARGET_NAME)";
				SWIFT_EMIT_LOC_STRINGS = NO;
				SWIFT_VERSION = 5.0;
				TARGETED_DEVICE_FAMILY = "1,2";
				TEST_HOST = "$(BUILT_PRODUCTS_DIR)/WeatherChallenge.app/$(BUNDLE_EXECUTABLE_FOLDER_PATH)/WeatherChallenge";
			};
			name = Debug;
		};
		EC47250E2ACAC74E009ECA50 /* Release */ = {
			isa = XCBuildConfiguration;
			buildSettings = {
				ALWAYS_EMBED_SWIFT_STANDARD_LIBRARIES = YES;
				BUNDLE_LOADER = "$(TEST_HOST)";
				CODE_SIGN_STYLE = Automatic;
				CURRENT_PROJECT_VERSION = 1;
				GENERATE_INFOPLIST_FILE = YES;
				IPHONEOS_DEPLOYMENT_TARGET = 16.4;
				MARKETING_VERSION = 1.0;
				PRODUCT_BUNDLE_IDENTIFIER = com.NicholasGilbert.WeatherChallengeTests;
				PRODUCT_NAME = "$(TARGET_NAME)";
				SWIFT_EMIT_LOC_STRINGS = NO;
				SWIFT_VERSION = 5.0;
				TARGETED_DEVICE_FAMILY = "1,2";
				TEST_HOST = "$(BUILT_PRODUCTS_DIR)/WeatherChallenge.app/$(BUNDLE_EXECUTABLE_FOLDER_PATH)/WeatherChallenge";
			};
			name = Release;
		};
		EC4725102ACAC74E009ECA50 /* Debug */ = {
			isa = XCBuildConfiguration;
			buildSettings = {
				ALWAYS_EMBED_SWIFT_STANDARD_LIBRARIES = YES;
				CODE_SIGN_STYLE = Automatic;
				CURRENT_PROJECT_VERSION = 1;
				GENERATE_INFOPLIST_FILE = YES;
				MARKETING_VERSION = 1.0;
				PRODUCT_BUNDLE_IDENTIFIER = com.NicholasGilbert.WeatherChallengeUITests;
				PRODUCT_NAME = "$(TARGET_NAME)";
				SWIFT_EMIT_LOC_STRINGS = NO;
				SWIFT_VERSION = 5.0;
				TARGETED_DEVICE_FAMILY = "1,2";
				TEST_TARGET_NAME = WeatherChallenge;
			};
			name = Debug;
		};
		EC4725112ACAC74E009ECA50 /* Release */ = {
			isa = XCBuildConfiguration;
			buildSettings = {
				ALWAYS_EMBED_SWIFT_STANDARD_LIBRARIES = YES;
				CODE_SIGN_STYLE = Automatic;
				CURRENT_PROJECT_VERSION = 1;
				GENERATE_INFOPLIST_FILE = YES;
				MARKETING_VERSION = 1.0;
				PRODUCT_BUNDLE_IDENTIFIER = com.NicholasGilbert.WeatherChallengeUITests;
				PRODUCT_NAME = "$(TARGET_NAME)";
				SWIFT_EMIT_LOC_STRINGS = NO;
				SWIFT_VERSION = 5.0;
				TARGETED_DEVICE_FAMILY = "1,2";
				TEST_TARGET_NAME = WeatherChallenge;
			};
			name = Release;
		};
/* End XCBuildConfiguration section */

/* Begin XCConfigurationList section */
		EC4724DA2ACAC74C009ECA50 /* Build configuration list for PBXProject "WeatherChallenge" */ = {
			isa = XCConfigurationList;
			buildConfigurations = (
				EC4725072ACAC74E009ECA50 /* Debug */,
				EC4725082ACAC74E009ECA50 /* Release */,
			);
			defaultConfigurationIsVisible = 0;
			defaultConfigurationName = Release;
		};
		EC4725092ACAC74E009ECA50 /* Build configuration list for PBXNativeTarget "WeatherChallenge" */ = {
			isa = XCConfigurationList;
			buildConfigurations = (
				EC47250A2ACAC74E009ECA50 /* Debug */,
				EC47250B2ACAC74E009ECA50 /* Release */,
			);
			defaultConfigurationIsVisible = 0;
			defaultConfigurationName = Release;
		};
		EC47250C2ACAC74E009ECA50 /* Build configuration list for PBXNativeTarget "WeatherChallengeTests" */ = {
			isa = XCConfigurationList;
			buildConfigurations = (
				EC47250D2ACAC74E009ECA50 /* Debug */,
				EC47250E2ACAC74E009ECA50 /* Release */,
			);
			defaultConfigurationIsVisible = 0;
			defaultConfigurationName = Release;
		};
		EC47250F2ACAC74E009ECA50 /* Build configuration list for PBXNativeTarget "WeatherChallengeUITests" */ = {
			isa = XCConfigurationList;
			buildConfigurations = (
				EC4725102ACAC74E009ECA50 /* Debug */,
				EC4725112ACAC74E009ECA50 /* Release */,
			);
			defaultConfigurationIsVisible = 0;
			defaultConfigurationName = Release;
		};
/* End XCConfigurationList section */
	};
	rootObject = EC4724D72ACAC74C009ECA50 /* Project object */;
}
